
Microsoft Visual Studio Solution File, Format Version 12.00
# Visual Studio Version 16
VisualStudioVersion = 16.0.29728.190
MinimumVisualStudioVersion = 10.0.40219.1
Project("{FAE04EC0-301F-11D3-BF4B-00C04F79EFBC}") = "ProxyTwitter", "ProxyTwitter\ProxyTwitter.csproj", "{4C36E0BB-D118-4093-95BD-9F65F7031F79}"
EndProject
Global
	GlobalSection(SolutionConfigurationPlatforms) = preSolution
		Debug|Any CPU = Debug|Any CPU
		Release|Any CPU = Release|Any CPU
	EndGlobalSection
	GlobalSection(ProjectConfigurationPlatforms) = postSolution
		{4C36E0BB-D118-4093-95BD-9F65F7031F79}.Debug|Any CPU.ActiveCfg = Debug|Any CPU
		{4C36E0BB-D118-4093-95BD-9F65F7031F79}.Debug|Any CPU.Build.0 = Debug|Any CPU
		{4C36E0BB-D118-4093-95BD-9F65F7031F79}.Release|Any CPU.ActiveCfg = Release|Any CPU
		{4C36E0BB-D118-4093-95BD-9F65F7031F79}.Release|Any CPU.Build.0 = Release|Any CPU
	EndGlobalSection
	GlobalSection(SolutionProperties) = preSolution
		HideSolutionNode = FALSE
	EndGlobalSection
	GlobalSection(ExtensibilityGlobals) = postSolution
		SolutionGuid = {A80D1CC3-1B28-452A-9573-3B515E884814}
	EndGlobalSection
EndGlobal
